
Microsoft Visual Studio Solution File, Format Version 12.00
# Visual Studio 15
VisualStudioVersion = 15.0.26430.16
MinimumVisualStudioVersion = 10.0.40219.1
Project("{FAE04EC0-301F-11D3-BF4B-00C04F79EFBC}") = "ReverseStackUnitTesting", "ReverseStackUnitTesting\ReverseStackUnitTesting.csproj", "{F0132D2F-192C-4132-86D3-EC2345AD12A2}"
EndProject
Project("{FAE04EC0-301F-11D3-BF4B-00C04F79EFBC}") = "ReverseStackUnitTestingTests", "ReverseStackUnitTestingTests\ReverseStackUnitTestingTests.csproj", "{547C03BF-C141-44BA-AA93-DF76EB8DE7F9}"
EndProject
Global
	GlobalSection(SolutionConfigurationPlatforms) = preSolution
		Debug|Any CPU = Debug|Any CPU
		Release|Any CPU = Release|Any CPU
	EndGlobalSection
	GlobalSection(ProjectConfigurationPlatforms) = postSolution
		{F0132D2F-192C-4132-86D3-EC2345AD12A2}.Debug|Any CPU.ActiveCfg = Debug|Any CPU
		{F0132D2F-192C-4132-86D3-EC2345AD12A2}.Debug|Any CPU.Build.0 = Debug|Any CPU
		{F0132D2F-192C-4132-86D3-EC2345AD12A2}.Release|Any CPU.ActiveCfg = Release|Any CPU
		{F0132D2F-192C-4132-86D3-EC2345AD12A2}.Release|Any CPU.Build.0 = Release|Any CPU
		{547C03BF-C141-44BA-AA93-DF76EB8DE7F9}.Debug|Any CPU.ActiveCfg = Debug|Any CPU
		{547C03BF-C141-44BA-AA93-DF76EB8DE7F9}.Debug|Any CPU.Build.0 = Debug|Any CPU
		{547C03BF-C141-44BA-AA93-DF76EB8DE7F9}.Release|Any CPU.ActiveCfg = Release|Any CPU
		{547C03BF-C141-44BA-AA93-DF76EB8DE7F9}.Release|Any CPU.Build.0 = Release|Any CPU
	EndGlobalSection
	GlobalSection(SolutionProperties) = preSolution
		HideSolutionNode = FALSE
	EndGlobalSection
EndGlobal
